
Microsoft Visual Studio Solution File, Format Version 12.00
# Visual Studio Version 16
VisualStudioVersion = 25.0.1705.3
MinimumVisualStudioVersion = 10.0.40219.1
Project("{FAE04EC0-301F-11D3-BF4B-00C04F79EFBC}") = "G3PTUDTMDT", "G3PTUDTMDT\G3PTUDTMDT.csproj", "{BB23FA75-8DB6-45DC-B01B-0122FCF4F859}"
EndProject
Global
	GlobalSection(SolutionConfigurationPlatforms) = preSolution
		Debug|Any CPU = Debug|Any CPU
		Release|Any CPU = Release|Any CPU
	EndGlobalSection
	GlobalSection(ProjectConfigurationPlatforms) = postSolution
		{BB23FA75-8DB6-45DC-B01B-0122FCF4F859}.Debug|Any CPU.ActiveCfg = Debug|Any CPU
		{BB23FA75-8DB6-45DC-B01B-0122FCF4F859}.Debug|Any CPU.Build.0 = Debug|Any CPU
		{BB23FA75-8DB6-45DC-B01B-0122FCF4F859}.Release|Any CPU.ActiveCfg = Release|Any CPU
		{BB23FA75-8DB6-45DC-B01B-0122FCF4F859}.Release|Any CPU.Build.0 = Release|Any CPU
	EndGlobalSection
	GlobalSection(SolutionProperties) = preSolution
		HideSolutionNode = FALSE
	EndGlobalSection
	GlobalSection(ExtensibilityGlobals) = postSolution
		SolutionGuid = {63EEF6C1-C5A5-40F1-BC8C-2E64CF0A6528}
	EndGlobalSection
EndGlobal
